# THIS IS AN AUTOGENERATED FILE. DO NOT EDIT THIS FILE DIRECTLY.
# yarn lockfile v1


jotai@^1.8.3:
  version "1.8.3"
  resolved "https://registry.yarnpkg.com/jotai/-/jotai-1.8.3.tgz#06595dd66bcf64dd370386eee9c7b386c2ccb2e7"
  integrity sha512-bNAs/DMD6BEB4xxVku33CI+ZIFyCWG82Ms6JnvYunEvGCnviTTDBl+m0HKgijoHmcNM3fxQ5MARdG+wwokNxog==
